{
  "name": "magic.home.wifi",
  "version": "1.0.0",
  "lockfileVersion": 1,
  "requires": true,
  "dependencies": {
    "magic-home": {
      "version": "1.2.1",
      "resolved": "https://registry.npmjs.org/magic-home/-/magic-home-1.2.1.tgz",
      "integrity": "sha512-7K/3i0Yooekp9f2lZXEQ6Trp7G6Ah2fWheKdxzmqQY5OANh0poveI7+QgpIaSXcNdqoeqS6LfwFJE0/Mb9JU1w=="
    }
  }
}
