{
  "name": "magic.home.wifi",
  "version": "1.1.1",
  "lockfileVersion": 1,
  "requires": true,
  "dependencies": {
    "magic-home": {
      "version": "1.4.0",
      "resolved": "https://registry.npmjs.org/magic-home/-/magic-home-1.4.0.tgz",
      "integrity": "sha512-hSq3C/9rbEH3RB2t2rG/LsSb2vpalzIGh/mLKJyjaki3Wbvt9ss+2OUJ1JsAOAjjgkvxDEfbQ044yFsHZUS75A=="
    },
    "tinycolor2": {
      "version": "1.4.1",
      "resolved": "https://registry.npmjs.org/tinycolor2/-/tinycolor2-1.4.1.tgz",
      "integrity": "sha1-9PrTM0R7wLB9TcjpIJ2POaisd+g="
    }
  }
}
