# THIS IS AN AUTOGENERATED FILE. DO NOT EDIT THIS FILE DIRECTLY.
# yarn lockfile v1


commander@^2.20.0:
  version "2.20.3"
  resolved "https://registry.yarnpkg.com/commander/-/commander-2.20.3.tgz#fd485e84c03eb4881c20722ba48035e8531aeb33"
  integrity sha512-GpVkmM8vF2vQUkj2LvZmD35JxeJOLCwJ9cUkugyk2nuhbv3+mJvpLYYt+0+USMxE+oj+ey/lJEnhZw75x/OMcQ==

is-plain-obj@^1.1:
  version "1.1.0"
  resolved "https://registry.yarnpkg.com/is-plain-obj/-/is-plain-obj-1.1.0.tgz#71a50c8429dfca773c92a390a4a03b39fcd51d3e"
  integrity sha1-caUMhCnfync8kqOQpKA7OfzVHT4=

magic-home@^2.7.0:
  version "2.7.0"
  resolved "https://registry.yarnpkg.com/magic-home/-/magic-home-2.7.0.tgz#7ac1a1a43814e13e8122d155bdb645df56b7d06e"
  integrity sha512-j5glNkjPQBhCAD+hLkcCAKicLvsF5c4+lD9vc5z25621LG5ZYXMwYbFrXWqjQKHmaZaaHZIqf3W4pzB57qeTiw==
  dependencies:
    commander "^2.20.0"
    merge-options "^1.0.1"

merge-options@^1.0.1:
  version "1.0.1"
  resolved "https://registry.yarnpkg.com/merge-options/-/merge-options-1.0.1.tgz#2a64b24457becd4e4dc608283247e94ce589aa32"
  integrity sha512-iuPV41VWKWBIOpBsjoxjDZw8/GbSfZ2mk7N1453bwMrfzdrIk7EzBd+8UVR6rkw67th7xnk9Dytl3J+lHPdxvg==
  dependencies:
    is-plain-obj "^1.1"

tinycolor2@^1.4.2:
  version "1.4.2"
  resolved "https://registry.yarnpkg.com/tinycolor2/-/tinycolor2-1.4.2.tgz#3f6a4d1071ad07676d7fa472e1fac40a719d8803"
  integrity sha512-vJhccZPs965sV/L2sU4oRQVAos0pQXwsvTLkWYdqJ+a8Q5kPFzJTuOFwy7UniPli44NKQGAglksjvOcpo95aZA==
